{
  "version": 4,
  "terraform_version": "1.3.2",
  "serial": 7,
  "lineage": "aea2330c-bfed-da4c-a38e-8dd3a9bca193",
  "outputs": {},
  "resources": [
    {
      "module": "module.dev-gke-cluster",
      "mode": "managed",
      "type": "google_compute_network",
      "name": "network",
      "provider": "provider[\"registry.terraform.io/hashicorp/google\"]",
      "instances": [
        {
          "schema_version": 0,
          "attributes": {
            "auto_create_subnetworks": false,
            "delete_default_routes_on_create": false,
            "description": "",
            "enable_ula_internal_ipv6": false,
            "gateway_ipv4": "",
            "id": "projects/mamz-project-329009/global/networks/dev-gke-vpc",
            "internal_ipv6_range": "",
            "mtu": 0,
            "name": "dev-gke-vpc",
            "project": "mamz-project-329009",
            "routing_mode": "GLOBAL",
            "self_link": "https://www.googleapis.com/compute/v1/projects/mamz-project-329009/global/networks/dev-gke-vpc",
            "timeouts": null
          },
          "sensitive_attributes": [],
          "private": "eyJlMmJmYjczMC1lY2FhLTExZTYtOGY4OC0zNDM2M2JjN2M0YzAiOnsiY3JlYXRlIjoxMjAwMDAwMDAwMDAwLCJkZWxldGUiOjEyMDAwMDAwMDAwMDAsInVwZGF0ZSI6MTIwMDAwMDAwMDAwMH19"
        }
      ]
    },
    {
      "module": "module.dev-gke-cluster",
      "mode": "managed",
      "type": "google_compute_router",
      "name": "router",
      "provider": "provider[\"registry.terraform.io/hashicorp/google\"]",
      "instances": [
        {
          "index_key": 0,
          "schema_version": 0,
          "attributes": {
            "bgp": [],
            "creation_timestamp": "2022-10-27T00:25:36.725-07:00",
            "description": "",
            "encrypted_interconnect_router": false,
            "id": "projects/mamz-project-329009/regions/us-central1/routers/dev-gke-vpc",
            "name": "dev-gke-vpc",
            "network": "https://www.googleapis.com/compute/v1/projects/mamz-project-329009/global/networks/dev-gke-vpc",
            "project": "mamz-project-329009",
            "region": "us-central1",
            "self_link": "https://www.googleapis.com/compute/v1/projects/mamz-project-329009/regions/us-central1/routers/dev-gke-vpc",
            "timeouts": null
          },
          "sensitive_attributes": [],
          "private": "eyJlMmJmYjczMC1lY2FhLTExZTYtOGY4OC0zNDM2M2JjN2M0YzAiOnsiY3JlYXRlIjoxMjAwMDAwMDAwMDAwLCJkZWxldGUiOjEyMDAwMDAwMDAwMDAsInVwZGF0ZSI6MTIwMDAwMDAwMDAwMH19",
          "dependencies": [
            "module.dev-gke-cluster.google_compute_network.network"
          ]
        }
      ]
    },
    {
      "module": "module.dev-gke-cluster",
      "mode": "managed",
      "type": "google_compute_router_nat",
      "name": "nat_router",
      "provider": "provider[\"registry.terraform.io/hashicorp/google\"]",
      "instances": [
        {
          "index_key": 0,
          "schema_version": 0,
          "attributes": {
            "drain_nat_ips": null,
            "enable_dynamic_port_allocation": false,
            "enable_endpoint_independent_mapping": true,
            "icmp_idle_timeout_sec": 30,
            "id": "mamz-project-329009/us-central1/dev-gke-vpc/dev-gke-vpc",
            "log_config": [
              {
                "enable": false,
                "filter": "ALL"
              }
            ],
            "max_ports_per_vm": 0,
            "min_ports_per_vm": 64,
            "name": "dev-gke-vpc",
            "nat_ip_allocate_option": "AUTO_ONLY",
            "nat_ips": null,
            "project": "mamz-project-329009",
            "region": "us-central1",
            "router": "dev-gke-vpc",
            "source_subnetwork_ip_ranges_to_nat": "ALL_SUBNETWORKS_ALL_IP_RANGES",
            "subnetwork": [],
            "tcp_established_idle_timeout_sec": 1200,
            "tcp_transitory_idle_timeout_sec": 30,
            "timeouts": null,
            "udp_idle_timeout_sec": 30
          },
          "sensitive_attributes": [],
          "private": "eyJlMmJmYjczMC1lY2FhLTExZTYtOGY4OC0zNDM2M2JjN2M0YzAiOnsiY3JlYXRlIjoxMjAwMDAwMDAwMDAwLCJkZWxldGUiOjEyMDAwMDAwMDAwMDAsInVwZGF0ZSI6MTIwMDAwMDAwMDAwMH19",
          "dependencies": [
            "module.dev-gke-cluster.google_compute_address.ip_address",
            "module.dev-gke-cluster.google_compute_network.network",
            "module.dev-gke-cluster.google_compute_router.router"
          ]
        }
      ]
    },
    {
      "module": "module.dev-gke-cluster",
      "mode": "managed",
      "type": "google_compute_subnetwork",
      "name": "subnetwork",
      "provider": "provider[\"registry.terraform.io/hashicorp/google\"]",
      "instances": [
        {
          "schema_version": 0,
          "attributes": {
            "creation_timestamp": "2022-10-27T00:25:36.906-07:00",
            "description": "",
            "external_ipv6_prefix": "",
            "fingerprint": null,
            "gateway_address": "10.120.208.1",
            "id": "projects/mamz-project-329009/regions/us-central1/subnetworks/dev-gke-subnet",
            "ip_cidr_range": "10.120.208.0/20",
            "ipv6_access_type": "",
            "ipv6_cidr_range": "",
            "log_config": [],
            "name": "dev-gke-subnet",
            "network": "https://www.googleapis.com/compute/v1/projects/mamz-project-329009/global/networks/dev-gke-vpc",
            "private_ip_google_access": true,
            "private_ipv6_google_access": "DISABLE_GOOGLE_ACCESS",
            "project": "mamz-project-329009",
            "purpose": "PRIVATE",
            "region": "us-central1",
            "role": "",
            "secondary_ip_range": [
              {
                "ip_cidr_range": "10.120.240.0/20",
                "range_name": "dev-gke-pod-range"
              },
              {
                "ip_cidr_range": "10.120.232.0/21",
                "range_name": "dev-gke-service-range"
              }
            ],
            "self_link": "https://www.googleapis.com/compute/v1/projects/mamz-project-329009/regions/us-central1/subnetworks/dev-gke-subnet",
            "stack_type": "IPV4_ONLY",
            "timeouts": null
          },
          "sensitive_attributes": [],
          "private": "eyJlMmJmYjczMC1lY2FhLTExZTYtOGY4OC0zNDM2M2JjN2M0YzAiOnsiY3JlYXRlIjoxMjAwMDAwMDAwMDAwLCJkZWxldGUiOjEyMDAwMDAwMDAwMDAsInVwZGF0ZSI6MTIwMDAwMDAwMDAwMH19",
          "dependencies": [
            "module.dev-gke-cluster.google_compute_network.network"
          ]
        }
      ]
    },
    {
      "module": "module.dev-gke-cluster",
      "mode": "managed",
      "type": "google_container_cluster",
      "name": "primary",
      "provider": "provider[\"registry.terraform.io/hashicorp/google\"]",
      "instances": [
        {
          "schema_version": 1,
          "attributes": {
            "addons_config": [
              {
                "cloudrun_config": [],
                "dns_cache_config": [],
                "gce_persistent_disk_csi_driver_config": [
                  {
                    "enabled": true
                  }
                ],
                "gcp_filestore_csi_driver_config": [],
                "horizontal_pod_autoscaling": [],
                "http_load_balancing": [],
                "network_policy_config": [
                  {
                    "disabled": true
                  }
                ]
              }
            ],
            "authenticator_groups_config": [],
            "binary_authorization": [
              {
                "enabled": false,
                "evaluation_mode": ""
              }
            ],
            "cluster_autoscaling": [
              {
                "auto_provisioning_defaults": [],
                "enabled": false,
                "resource_limits": []
              }
            ],
            "cluster_ipv4_cidr": "10.120.240.0/20",
            "confidential_nodes": [],
            "database_encryption": [
              {
                "key_name": "",
                "state": "DECRYPTED"
              }
            ],
            "datapath_provider": "",
            "default_max_pods_per_node": 110,
            "default_snat_status": [
              {
                "disabled": false
              }
            ],
            "description": "",
            "dns_config": [],
            "enable_autopilot": false,
            "enable_binary_authorization": false,
            "enable_intranode_visibility": false,
            "enable_kubernetes_alpha": false,
            "enable_legacy_abac": false,
            "enable_shielded_nodes": true,
            "enable_tpu": false,
            "endpoint": "34.72.252.139",
            "id": "projects/mamz-project-329009/locations/us-central1/clusters/dev-preemptible-gke-cluster",
            "initial_node_count": 1,
            "ip_allocation_policy": [
              {
                "cluster_ipv4_cidr_block": "10.120.240.0/20",
                "cluster_secondary_range_name": "dev-gke-pod-range",
                "services_ipv4_cidr_block": "10.120.232.0/21",
                "services_secondary_range_name": "dev-gke-service-range"
              }
            ],
            "label_fingerprint": "a9dc16a7",
            "location": "us-central1",
            "logging_config": [
              {
                "enable_components": [
                  "SYSTEM_COMPONENTS",
                  "WORKLOADS"
                ]
              }
            ],
            "logging_service": "logging.googleapis.com/kubernetes",
            "maintenance_policy": [],
            "master_auth": [
              {
                "client_certificate": "",
                "client_certificate_config": [
                  {
                    "issue_client_certificate": false
                  }
                ],
                "client_key": "",
                "cluster_ca_certificate": "LS0tLS1CRUdJTiBDRVJUSUZJQ0FURS0tLS0tCk1JSUVMRENDQXBTZ0F3SUJBZ0lRTzZBM2NLbkloOXA4c3VwQnNLY3Q4ekFOQmdrcWhraUc5dzBCQVFzRkFEQXYKTVMwd0t3WURWUVFERXlReFpEZGtOVEF3TmkxbE5tVXdMVFF6WWpjdFlUVmtOUzFoTWpCbE16RmhNR05pTjJRdwpJQmNOTWpJeE1ESTNNRFl5TlRVNFdoZ1BNakExTWpFd01Ua3dOekkxTlRoYU1DOHhMVEFyQmdOVkJBTVRKREZrCk4yUTFNREEyTFdVMlpUQXRORE5pTnkxaE5XUTFMV0V5TUdVek1XRXdZMkkzWkRDQ0FhSXdEUVlKS29aSWh2Y04KQVFFQkJRQURnZ0dQQURDQ0FZb0NnZ0dCQU9Pam9yWDV4VVBVRXk5aXpDSEtSNUkwQW5XcGtqQ3RobFlhc3ltTwpaQWp0UU5SVVNBaUwxMTJPSGFuYkozRlhIVjVPNmFtVnBNdHFrdkU0dCtTdzZSWjhSM3NneTFsUk1YRlBqS3hSCnNhdmhXNmN2K3JGQ0IwYlZyNWp0K2tRd3NHcGY5ZmM3VXlUckdUMXU4VmtqV0hFZlRtaGRXaGUwREJFWktZTHgKdzhOMCthTVJFUml5S25CRk5FODJWdTdCRkcrU245eE5ycjM2ZTQvcnhHL0pHZngzd3JsZDhJOTFRckRmL0kwVwprdmpwN1lIV3oxRTJKU3huVjhQRitwQnJETk55L29keUp3SHg2TlNxRElhYlRWMjNKRFlhWUJtdzdhQzJqYlRpClNEUTV0M2JtamNudmNaLzN4Wmxrd3h1YnRmenoxSTVhRmZaWXcvMG9YYkg1TkJNY3Bud1VlV3dmYTNweTc3QWEKZFRsc0ZjVDBRWlkzMUNyeEFYb0RoUnlvUGhjYXBvU0IrUFJWNVdneGRWalJkV1Uydm1BTzFaejdZMFcrbXc5YgpGUEwzVTJTTHR0cUtoWkVFakMyYWNQVE9vWDluWGI1WEJXNXZ3ZUx1TExabzgzVVc5a2tHdGZsODVIc2QxaHYwCjdyTDVVVDdyb3lMTU1pRXVQYnVPeEg0N0F3SURBUUFCbzBJd1FEQU9CZ05WSFE4QkFmOEVCQU1DQWdRd0R3WUQKVlIwVEFRSC9CQVV3QXdFQi96QWRCZ05WSFE0RUZnUVVjQ3FUWGJ2SnJGZXZRZzdJZUFkeFY0MnVKNlF3RFFZSgpLb1pJaHZjTkFRRUxCUUFEZ2dHQkFBM2NXaEtaczY3L0tVOXVoS25XQ1lTVHRxcE1icCsrdzFwU0xBbXZSelo3CjhmbWFteUlnNzg0RWJnY0JkMVUrenhqSFIwRkhES21ITGhqTkZaZm9IRTVaaEl4MzR1b3Q1YzhRZjJpZkhPNFMKdGhsSm5uU3hYWnlpdjlrS01ocy95Z1JsL0ttUTJ6VnRRS0VFa24zcjFrWm5zN20xb0RmeWNXdElsTitFMGROLwpuQzBZTzI4eEo1djd6MkVHSEFNL3RoNWhxVjhuQTRLdkJJRkZ3aHJnYUg3MU13aU00REIraWlDTHBFQWQ1UXJXCjh5Z3R4bFpWYWZiRno3NURKNUVibWF0dFJQeTVGQm1NYng4em8ybTdqWlFhY3RselZhZXhxcmJ6YzN3U3VobGQKTDhLVkhLYi9vNFlidVFHSCtkb1FvRlkrSS9rd2Y5UW5VMmFjeUYvU3RTaHRnazhjNUZ5dURLRDlSb3ZhTVVTeQpsUGJTTjZPajg1d1A1dkYyY2pOcHhBZkUrMXlIU0RHWUtuQ1ZTT1BwMHY1VlJHNFQ4YjFneUF2T2dBMXR4T3M0Ck9tclQ0UVVpMWdQT21XU1ZJYm1velQ5dDlsUS83WWtEV1gxeUF3NU5Eb0svd2o2S2JKWC9mYUdGdXBOUE1IV08Kcnl0R3NPcDRrL0J5VmxtUmMxNzBKdz09Ci0tLS0tRU5EIENFUlRJRklDQVRFLS0tLS0K"
              }
            ],
            "master_authorized_networks_config": [],
            "master_version": "1.22.12-gke.2300",
            "mesh_certificates": [],
            "min_master_version": null,
            "monitoring_config": [
              {
                "enable_components": [
                  "SYSTEM_COMPONENTS"
                ]
              }
            ],
            "monitoring_service": "monitoring.googleapis.com/kubernetes",
            "name": "dev-preemptible-gke-cluster",
            "network": "projects/mamz-project-329009/global/networks/dev-gke-vpc",
            "network_policy": [
              {
                "enabled": false,
                "provider": "PROVIDER_UNSPECIFIED"
              }
            ],
            "networking_mode": "VPC_NATIVE",
            "node_config": [],
            "node_locations": [
              "us-central1-a",
              "us-central1-c",
              "us-central1-f"
            ],
            "node_pool": [],
            "node_version": "1.22.12-gke.2300",
            "notification_config": [
              {
                "pubsub": [
                  {
                    "enabled": false,
                    "filter": [],
                    "topic": ""
                  }
                ]
              }
            ],
            "operation": null,
            "private_cluster_config": [
              {
                "enable_private_endpoint": false,
                "enable_private_nodes": true,
                "master_global_access_config": [
                  {
                    "enabled": false
                  }
                ],
                "master_ipv4_cidr_block": "10.5.0.0/28",
                "peering_name": "gke-nc6a2c74f323dddb7989-debf-07a8-peer",
                "private_endpoint": "10.5.0.2",
                "public_endpoint": "34.72.252.139"
              }
            ],
            "private_ipv6_google_access": "",
            "project": "mamz-project-329009",
            "release_channel": [
              {
                "channel": "REGULAR"
              }
            ],
            "remove_default_node_pool": true,
            "resource_labels": null,
            "resource_usage_export_config": [],
            "self_link": "https://container.googleapis.com/v1/projects/mamz-project-329009/locations/us-central1/clusters/dev-preemptible-gke-cluster",
            "service_external_ips_config": [
              {
                "enabled": false
              }
            ],
            "services_ipv4_cidr": "10.120.232.0/21",
            "subnetwork": "projects/mamz-project-329009/regions/us-central1/subnetworks/dev-gke-subnet",
            "timeouts": null,
            "tpu_ipv4_cidr_block": "",
            "vertical_pod_autoscaling": [],
            "workload_identity_config": []
          },
          "sensitive_attributes": [],
          "private": "eyJlMmJmYjczMC1lY2FhLTExZTYtOGY4OC0zNDM2M2JjN2M0YzAiOnsiY3JlYXRlIjoyNDAwMDAwMDAwMDAwLCJkZWxldGUiOjI0MDAwMDAwMDAwMDAsInJlYWQiOjI0MDAwMDAwMDAwMDAsInVwZGF0ZSI6MzYwMDAwMDAwMDAwMH0sInNjaGVtYV92ZXJzaW9uIjoiMSJ9",
          "dependencies": [
            "module.dev-gke-cluster.google_compute_network.network",
            "module.dev-gke-cluster.google_compute_subnetwork.subnetwork"
          ]
        }
      ]
    },
    {
      "module": "module.dev-gke-cluster",
      "mode": "managed",
      "type": "google_container_node_pool",
      "name": "node_pool",
      "provider": "provider[\"registry.terraform.io/hashicorp/google\"]",
      "instances": [
        {
          "schema_version": 1,
          "attributes": {
            "autoscaling": [],
            "cluster": "dev-preemptible-gke-cluster",
            "id": "projects/mamz-project-329009/locations/us-central1/clusters/dev-preemptible-gke-cluster/nodePools/dev-preemptible-rrc-cube",
            "initial_node_count": 1,
            "instance_group_urls": [
              "https://www.googleapis.com/compute/v1/projects/mamz-project-329009/zones/us-central1-c/instanceGroupManagers/gke-dev-preemptible--dev-preemptible--73617c6b-grp",
              "https://www.googleapis.com/compute/v1/projects/mamz-project-329009/zones/us-central1-a/instanceGroupManagers/gke-dev-preemptible--dev-preemptible--eb1c1d94-grp",
              "https://www.googleapis.com/compute/v1/projects/mamz-project-329009/zones/us-central1-f/instanceGroupManagers/gke-dev-preemptible--dev-preemptible--6b6244ec-grp"
            ],
            "location": "us-central1",
            "managed_instance_group_urls": [
              "https://www.googleapis.com/compute/v1/projects/mamz-project-329009/zones/us-central1-c/instanceGroups/gke-dev-preemptible--dev-preemptible--73617c6b-grp",
              "https://www.googleapis.com/compute/v1/projects/mamz-project-329009/zones/us-central1-a/instanceGroups/gke-dev-preemptible--dev-preemptible--eb1c1d94-grp",
              "https://www.googleapis.com/compute/v1/projects/mamz-project-329009/zones/us-central1-f/instanceGroups/gke-dev-preemptible--dev-preemptible--6b6244ec-grp"
            ],
            "management": [
              {
                "auto_repair": true,
                "auto_upgrade": true
              }
            ],
            "max_pods_per_node": 110,
            "name": "dev-preemptible-rrc-cube",
            "name_prefix": "",
            "node_config": [
              {
                "boot_disk_kms_key": "",
                "disk_size_gb": 100,
                "disk_type": "pd-standard",
                "gcfs_config": [],
                "guest_accelerator": [],
                "gvnic": [],
                "image_type": "COS_CONTAINERD",
                "labels": {},
                "local_ssd_count": 0,
                "machine_type": "e2-standard-32",
                "metadata": {
                  "disable-legacy-endpoints": "true"
                },
                "min_cpu_platform": "",
                "node_group": "",
                "oauth_scopes": [
                  "https://www.googleapis.com/auth/logging.write",
                  "https://www.googleapis.com/auth/monitoring"
                ],
                "preemptible": true,
                "reservation_affinity": [],
                "service_account": "default",
                "shielded_instance_config": [
                  {
                    "enable_integrity_monitoring": true,
                    "enable_secure_boot": false
                  }
                ],
                "spot": false,
                "tags": null,
                "taint": [],
                "workload_metadata_config": []
              }
            ],
            "node_count": 1,
            "node_locations": [
              "us-central1-a",
              "us-central1-c",
              "us-central1-f"
            ],
            "operation": null,
            "project": "mamz-project-329009",
            "timeouts": null,
            "upgrade_settings": [
              {
                "max_surge": 1,
                "max_unavailable": 0
              }
            ],
            "version": "1.22.12-gke.2300"
          },
          "sensitive_attributes": [],
          "private": "eyJlMmJmYjczMC1lY2FhLTExZTYtOGY4OC0zNDM2M2JjN2M0YzAiOnsiY3JlYXRlIjoxODAwMDAwMDAwMDAwLCJkZWxldGUiOjE4MDAwMDAwMDAwMDAsInVwZGF0ZSI6MTgwMDAwMDAwMDAwMH0sInNjaGVtYV92ZXJzaW9uIjoiMSJ9",
          "dependencies": [
            "module.dev-gke-cluster.google_compute_network.network",
            "module.dev-gke-cluster.google_compute_subnetwork.subnetwork",
            "module.dev-gke-cluster.google_container_cluster.primary"
          ]
        }
      ]
    }
  ],
  "check_results": []
}
